
Microsoft Visual Studio Solution File, Format Version 12.00
# Visual Studio Version 17
VisualStudioVersion = 17.13.36105.23 d17.13
MinimumVisualStudioVersion = 10.0.40219.1
Project("{FAE04EC0-301F-11D3-BF4B-00C04F79EFBC}") = "HomeAccounting", "HomeAccounting\HomeAccounting.csproj", "{CBC4E49A-FB88-4B68-B8AF-F4B0996C9A2D}"
EndProject
Global
	GlobalSection(SolutionConfigurationPlatforms) = preSolution
		Debug|Any CPU = Debug|Any CPU
		Release|Any CPU = Release|Any CPU
	EndGlobalSection
	GlobalSection(ProjectConfigurationPlatforms) = postSolution
		{CBC4E49A-FB88-4B68-B8AF-F4B0996C9A2D}.Debug|Any CPU.ActiveCfg = Debug|Any CPU
		{CBC4E49A-FB88-4B68-B8AF-F4B0996C9A2D}.Debug|Any CPU.Build.0 = Debug|Any CPU
		{CBC4E49A-FB88-4B68-B8AF-F4B0996C9A2D}.Release|Any CPU.ActiveCfg = Release|Any CPU
		{CBC4E49A-FB88-4B68-B8AF-F4B0996C9A2D}.Release|Any CPU.Build.0 = Release|Any CPU
	EndGlobalSection
	GlobalSection(SolutionProperties) = preSolution
		HideSolutionNode = FALSE
	EndGlobalSection
	GlobalSection(ExtensibilityGlobals) = postSolution
		SolutionGuid = {8FC6DE1F-6A73-45ED-BD18-9A2E1E5ACEA3}
	EndGlobalSection
EndGlobal
